// !$*UTF8*$!
{
	archiveVersion = 1;
	classes = {
	};
	objectVersion = 46;
	objects = {

/* Begin PBXBuildFile section */
		7EC5D5531BA5075100EFC496 /* AppDelegate.swift in Sources */ = {isa = PBXBuildFile; fileRef = 7EC5D5521BA5075100EFC496 /* AppDelegate.swift */; };
		7EC5D5551BA5075100EFC496 /* ViewController.swift in Sources */ = {isa = PBXBuildFile; fileRef = 7EC5D5541BA5075100EFC496 /* ViewController.swift */; };
		7EC5D5581BA5075100EFC496 /* Main.storyboard in Resources */ = {isa = PBXBuildFile; fileRef = 7EC5D5561BA5075100EFC496 /* Main.storyboard */; };
		7EC5D55A1BA5075100EFC496 /* Assets.xcassets in Resources */ = {isa = PBXBuildFile; fileRef = 7EC5D5591BA5075100EFC496 /* Assets.xcassets */; };
		7EC5D5661BA50B7C00EFC496 /* main.js in Resources */ = {isa = PBXBuildFile; fileRef = 7EC5D5651BA50B7C00EFC496 /* main.js */; };
		7EC5D56A1BA50EE500EFC496 /* hello.tvml in Resources */ = {isa = PBXBuildFile; fileRef = 7EC5D5691BA50EE500EFC496 /* hello.tvml */; };
		7EC5D56C1BA5185C00EFC496 /* index.tvml in Resources */ = {isa = PBXBuildFile; fileRef = 7EC5D56B1BA5185C00EFC496 /* index.tvml */; };
/* End PBXBuildFile section */

/* Begin PBXFileReference section */
		7EC5D54F1BA5075100EFC496 /* tvOS9-TVMLKitDemo.app */ = {isa = PBXFileReference; explicitFileType = wrapper.application; includeInIndex = 0; path = "tvOS9-TVMLKitDemo.app"; sourceTree = BUILT_PRODUCTS_DIR; };
		7EC5D5521BA5075100EFC496 /* AppDelegate.swift */ = {isa = PBXFileReference; lastKnownFileType = sourcecode.swift; path = AppDelegate.swift; sourceTree = "<group>"; };
		7EC5D5541BA5075100EFC496 /* ViewController.swift */ = {isa = PBXFileReference; lastKnownFileType = sourcecode.swift; path = ViewController.swift; sourceTree = "<group>"; };
		7EC5D5571BA5075100EFC496 /* Base */ = {isa = PBXFileReference; lastKnownFileType = file.storyboard; name = Base; path = Base.lproj/Main.storyboard; sourceTree = "<group>"; };
		7EC5D5591BA5075100EFC496 /* Assets.xcassets */ = {isa = PBXFileReference; lastKnownFileType = folder.assetcatalog; path = Assets.xcassets; sourceTree = "<group>"; };
		7EC5D55B1BA5075100EFC496 /* Info.plist */ = {isa = PBXFileReference; lastKnownFileType = text.plist.xml; path = Info.plist; sourceTree = "<group>"; };
		7EC5D5651BA50B7C00EFC496 /* main.js */ = {isa = PBXFileReference; fileEncoding = 4; lastKnownFileType = sourcecode.javascript; name = main.js; path = client/js/main.js; sourceTree = "<group>"; };
		7EC5D5691BA50EE500EFC496 /* hello.tvml */ = {isa = PBXFileReference; fileEncoding = 4; lastKnownFileType = text; name = hello.tvml; path = client/tvml/hello.tvml; sourceTree = "<group>"; };
		7EC5D56B1BA5185C00EFC496 /* index.tvml */ = {isa = PBXFileReference; fileEncoding = 4; lastKnownFileType = text; name = index.tvml; path = client/tvml/index.tvml; sourceTree = "<group>"; };
/* End PBXFileReference section */

/* Begin PBXFrameworksBuildPhase section */
		7EC5D54C1BA5075100EFC496 /* Frameworks */ = {
			isa = PBXFrameworksBuildPhase;
			buildActionMask = 2147483647;
			files = (
			);
			runOnlyForDeploymentPostprocessing = 0;
		};
/* End PBXFrameworksBuildPhase section */

/* Begin PBXGroup section */
		7EC5D5461BA5075000EFC496 = {
			isa = PBXGroup;
			children = (
				7EC5D5511BA5075100EFC496 /* tvOS9-TVMLKitDemo */,
				7EC5D5501BA5075100EFC496 /* Products */,
			);
			sourceTree = "<group>";
		};
		7EC5D5501BA5075100EFC496 /* Products */ = {
			isa = PBXGroup;
			children = (
				7EC5D54F1BA5075100EFC496 /* tvOS9-TVMLKitDemo.app */,
			);
			name = Products;
			sourceTree = "<group>";
		};
		7EC5D5511BA5075100EFC496 /* tvOS9-TVMLKitDemo */ = {
			isa = PBXGroup;
			children = (
				7EC5D5641BA50B2800EFC496 /* client */,
				7EC5D5631BA50AA000EFC496 /* Root */,
				7EC5D5621BA50A9600EFC496 /* Controllers */,
				7EC5D5611BA50A8800EFC496 /* Ressources */,
			);
			path = "tvOS9-TVMLKitDemo";
			sourceTree = "<group>";
		};
		7EC5D5611BA50A8800EFC496 /* Ressources */ = {
			isa = PBXGroup;
			children = (
				7EC5D5561BA5075100EFC496 /* Main.storyboard */,
				7EC5D5591BA5075100EFC496 /* Assets.xcassets */,
				7EC5D55B1BA5075100EFC496 /* Info.plist */,
			);
			name = Ressources;
			sourceTree = "<group>";
		};
		7EC5D5621BA50A9600EFC496 /* Controllers */ = {
			isa = PBXGroup;
			children = (
				7EC5D5541BA5075100EFC496 /* ViewController.swift */,
			);
			name = Controllers;
			sourceTree = "<group>";
		};
		7EC5D5631BA50AA000EFC496 /* Root */ = {
			isa = PBXGroup;
			children = (
				7EC5D5521BA5075100EFC496 /* AppDelegate.swift */,
			);
			name = Root;
			sourceTree = "<group>";
		};
		7EC5D5641BA50B2800EFC496 /* client */ = {
			isa = PBXGroup;
			children = (
				7EC5D5681BA50E5800EFC496 /* tvml */,
				7EC5D5671BA50B8300EFC496 /* js */,
			);
			name = client;
			sourceTree = "<group>";
		};
		7EC5D5671BA50B8300EFC496 /* js */ = {
			isa = PBXGroup;
			children = (
				7EC5D5651BA50B7C00EFC496 /* main.js */,
			);
			name = js;
			sourceTree = "<group>";
		};
		7EC5D5681BA50E5800EFC496 /* tvml */ = {
			isa = PBXGroup;
			children = (
				7EC5D5691BA50EE500EFC496 /* hello.tvml */,
				7EC5D56B1BA5185C00EFC496 /* index.tvml */,
			);
			name = tvml;
			sourceTree = "<group>";
		};
/* End PBXGroup section */

/* Begin PBXNativeTarget section */
		7EC5D54E1BA5075100EFC496 /* tvOS9-TVMLKitDemo */ = {
			isa = PBXNativeTarget;
			buildConfigurationList = 7EC5D55E1BA5075100EFC496 /* Build configuration list for PBXNativeTarget "tvOS9-TVMLKitDemo" */;
			buildPhases = (
				7EC5D54B1BA5075100EFC496 /* Sources */,
				7EC5D54C1BA5075100EFC496 /* Frameworks */,
				7EC5D54D1BA5075100EFC496 /* Resources */,
			);
			buildRules = (
			);
			dependencies = (
			);
			name = "tvOS9-TVMLKitDemo";
			productName = "tvOS9-TVMLKitDemo";
			productReference = 7EC5D54F1BA5075100EFC496 /* tvOS9-TVMLKitDemo.app */;
			productType = "com.apple.product-type.application";
		};
/* End PBXNativeTarget section */

/* Begin PBXProject section */
		7EC5D5471BA5075000EFC496 /* Project object */ = {
			isa = PBXProject;
			attributes = {
				LastUpgradeCheck = 0800;
				ORGANIZATIONNAME = Sweefties;
				TargetAttributes = {
					7EC5D54E1BA5075100EFC496 = {
						CreatedOnToolsVersion = 7.1;
						LastSwiftMigration = 0800;
					};
				};
			};
			buildConfigurationList = 7EC5D54A1BA5075000EFC496 /* Build configuration list for PBXProject "tvOS9-TVMLKitDemo" */;
			compatibilityVersion = "Xcode 3.2";
			developmentRegion = English;
			hasScannedForEncodings = 0;
			knownRegions = (
				en,
				Base,
			);
			mainGroup = 7EC5D5461BA5075000EFC496;
			productRefGroup = 7EC5D5501BA5075100EFC496 /* Products */;
			projectDirPath = "";
			projectRoot = "";
			targets = (
				7EC5D54E1BA5075100EFC496 /* tvOS9-TVMLKitDemo */,
			);
		};
/* End PBXProject section */

/* Begin PBXResourcesBuildPhase section */
		7EC5D54D1BA5075100EFC496 /* Resources */ = {
			isa = PBXResourcesBuildPhase;
			buildActionMask = 2147483647;
			files = (
				7EC5D56C1BA5185C00EFC496 /* index.tvml in Resources */,
				7EC5D5661BA50B7C00EFC496 /* main.js in Resources */,
				7EC5D55A1BA5075100EFC496 /* Assets.xcassets in Resources */,
				7EC5D5581BA5075100EFC496 /* Main.storyboard in Resources */,
				7EC5D56A1BA50EE500EFC496 /* hello.tvml in Resources */,
			);
			runOnlyForDeploymentPostprocessing = 0;
		};
/* End PBXResourcesBuildPhase section */

/* Begin PBXSourcesBuildPhase section */
		7EC5D54B1BA5075100EFC496 /* Sources */ = {
			isa = PBXSourcesBuildPhase;
			buildActionMask = 2147483647;
			files = (
				7EC5D5551BA5075100EFC496 /* ViewController.swift in Sources */,
				7EC5D5531BA5075100EFC496 /* AppDelegate.swift in Sources */,
			);
			runOnlyForDeploymentPostprocessing = 0;
		};
/* End PBXSourcesBuildPhase section */

/* Begin PBXVariantGroup section */
		7EC5D5561BA5075100EFC496 /* Main.storyboard */ = {
			isa = PBXVariantGroup;
			children = (
				7EC5D5571BA5075100EFC496 /* Base */,
			);
			name = Main.storyboard;
			sourceTree = "<group>";
		};
/* End PBXVariantGroup section */

/* Begin XCBuildConfiguration section */
		7EC5D55C1BA5075100EFC496 /* Debug */ = {
			isa = XCBuildConfiguration;
			buildSettings = {
				ALWAYS_SEARCH_USER_PATHS = NO;
				CLANG_CXX_LANGUAGE_STANDARD = "gnu++0x";
				CLANG_CXX_LIBRARY = "libc++";
				CLANG_ENABLE_MODULES = YES;
				CLANG_ENABLE_OBJC_ARC = YES;
				CLANG_WARN_BOOL_CONVERSION = YES;
				CLANG_WARN_CONSTANT_CONVERSION = YES;
				CLANG_WARN_DIRECT_OBJC_ISA_USAGE = YES_ERROR;
				CLANG_WARN_EMPTY_BODY = YES;
				CLANG_WARN_ENUM_CONVERSION = YES;
				CLANG_WARN_INFINITE_RECURSION = YES;
				CLANG_WARN_INT_CONVERSION = YES;
				CLANG_WARN_OBJC_ROOT_CLASS = YES_ERROR;
				CLANG_WARN_SUSPICIOUS_MOVE = YES;
				CLANG_WARN_UNREACHABLE_CODE = YES;
				CLANG_WARN__DUPLICATE_METHOD_MATCH = YES;
				COPY_PHASE_STRIP = NO;
				DEBUG_INFORMATION_FORMAT = dwarf;
				ENABLE_STRICT_OBJC_MSGSEND = YES;
				ENABLE_TESTABILITY = YES;
				GCC_C_LANGUAGE_STANDARD = gnu99;
				GCC_DYNAMIC_NO_PIC = NO;
				GCC_NO_COMMON_BLOCKS = YES;
				GCC_OPTIMIZATION_LEVEL = 0;
				GCC_PREPROCESSOR_DEFINITIONS = (
					"DEBUG=1",
					"$(inherited)",
				);
				GCC_WARN_64_TO_32_BIT_CONVERSION = YES;
				GCC_WARN_ABOUT_RETURN_TYPE = YES_ERROR;
				GCC_WARN_UNDECLARED_SELECTOR = YES;
				GCC_WARN_UNINITIALIZED_AUTOS = YES_AGGRESSIVE;
				GCC_WARN_UNUSED_FUNCTION = YES;
				GCC_WARN_UNUSED_VARIABLE = YES;
				MTL_ENABLE_DEBUG_INFO = YES;
				ONLY_ACTIVE_ARCH = YES;
				SDKROOT = appletvos;
				SWIFT_OPTIMIZATION_LEVEL = "-Onone";
				TARGETED_DEVICE_FAMILY = 3;
				TVOS_DEPLOYMENT_TARGET = 9.0;
			};
			name = Debug;
		};
		7EC5D55D1BA5075100EFC496 /* Release */ = {
			isa = XCBuildConfiguration;
			buildSettings = {
				ALWAYS_SEARCH_USER_PATHS = NO;
				CLANG_CXX_LANGUAGE_STANDARD = "gnu++0x";
				CLANG_CXX_LIBRARY = "libc++";
				CLANG_ENABLE_MODULES = YES;
				CLANG_ENABLE_OBJC_ARC = YES;
				CLANG_WARN_BOOL_CONVERSION = YES;
				CLANG_WARN_CONSTANT_CONVERSION = YES;
				CLANG_WARN_DIRECT_OBJC_ISA_USAGE = YES_ERROR;
				CLANG_WARN_EMPTY_BODY = YES;
				CLANG_WARN_ENUM_CONVERSION = YES;
				CLANG_WARN_INFINITE_RECURSION = YES;
				CLANG_WARN_INT_CONVERSION = YES;
				CLANG_WARN_OBJC_ROOT_CLASS = YES_ERROR;
				CLANG_WARN_SUSPICIOUS_MOVE = YES;
				CLANG_WARN_UNREACHABLE_CODE = YES;
				CLANG_WARN__DUPLICATE_METHOD_MATCH = YES;
				COPY_PHASE_STRIP = NO;
				DEBUG_INFORMATION_FORMAT = "dwarf-with-dsym";
				ENABLE_NS_ASSERTIONS = NO;
				ENABLE_STRICT_OBJC_MSGSEND = YES;
				GCC_C_LANGUAGE_STANDARD = gnu99;
				GCC_NO_COMMON_BLOCKS = YES;
				GCC_WARN_64_TO_32_BIT_CONVERSION = YES;
				GCC_WARN_ABOUT_RETURN_TYPE = YES_ERROR;
				GCC_WARN_UNDECLARED_SELECTOR = YES;
				GCC_WARN_UNINITIALIZED_AUTOS = YES_AGGRESSIVE;
				GCC_WARN_UNUSED_FUNCTION = YES;
				GCC_WARN_UNUSED_VARIABLE = YES;
				MTL_ENABLE_DEBUG_INFO = NO;
				SDKROOT = appletvos;
				SWIFT_OPTIMIZATION_LEVEL = "-Owholemodule";
				TARGETED_DEVICE_FAMILY = 3;
				TVOS_DEPLOYMENT_TARGET = 9.0;
				VALIDATE_PRODUCT = YES;
			};
			name = Release;
		};
		7EC5D55F1BA5075100EFC496 /* Debug */ = {
			isa = XCBuildConfiguration;
			buildSettings = {
				ASSETCATALOG_COMPILER_APPICON_NAME = "App Icon & Top Shelf Image";
				ASSETCATALOG_COMPILER_LAUNCHIMAGE_NAME = LaunchImage;
				INFOPLIST_FILE = "tvOS9-TVMLKitDemo/Info.plist";
				LD_RUNPATH_SEARCH_PATHS = "$(inherited) @executable_path/Frameworks";
				PRODUCT_BUNDLE_IDENTIFIER = "com.sweefties.tvOS9-TVMLKitDemo";
				PRODUCT_NAME = "$(TARGET_NAME)";
				SWIFT_VERSION = 3.0;
			};
			name = Debug;
		};
		7EC5D5601BA5075100EFC496 /* Release */ = {
			isa = XCBuildConfiguration;
			buildSettings = {
				ASSETCATALOG_COMPILER_APPICON_NAME = "App Icon & Top Shelf Image";
				ASSETCATALOG_COMPILER_LAUNCHIMAGE_NAME = LaunchImage;
				INFOPLIST_FILE = "tvOS9-TVMLKitDemo/Info.plist";
				LD_RUNPATH_SEARCH_PATHS = "$(inherited) @executable_path/Frameworks";
				PRODUCT_BUNDLE_IDENTIFIER = "com.sweefties.tvOS9-TVMLKitDemo";
				PRODUCT_NAME = "$(TARGET_NAME)";
				SWIFT_VERSION = 3.0;
			};
			name = Release;
		};
/* End XCBuildConfiguration section */

/* Begin XCConfigurationList section */
		7EC5D54A1BA5075000EFC496 /* Build configuration list for PBXProject "tvOS9-TVMLKitDemo" */ = {
			isa = XCConfigurationList;
			buildConfigurations = (
				7EC5D55C1BA5075100EFC496 /* Debug */,
				7EC5D55D1BA5075100EFC496 /* Release */,
			);
			defaultConfigurationIsVisible = 0;
			defaultConfigurationName = Release;
		};
		7EC5D55E1BA5075100EFC496 /* Build configuration list for PBXNativeTarget "tvOS9-TVMLKitDemo" */ = {
			isa = XCConfigurationList;
			buildConfigurations = (
				7EC5D55F1BA5075100EFC496 /* Debug */,
				7EC5D5601BA5075100EFC496 /* Release */,
			);
			defaultConfigurationIsVisible = 0;
			defaultConfigurationName = Release;
		};
/* End XCConfigurationList section */
	};
	rootObject = 7EC5D5471BA5075000EFC496 /* Project object */;
}
